
Microsoft Visual Studio Solution File, Format Version 12.00
# Visual Studio Version 17
VisualStudioVersion = 17.0.32112.339
MinimumVisualStudioVersion = 10.0.40219.1
Project("{FAE04EC0-301F-11D3-BF4B-00C04F79EFBC}") = "Kos-Manager", "Kos-Manager\Kos-Manager.csproj", "{C3A99E31-B52A-46F7-A60B-0D90CB8DE523}"
EndProject
Global
	GlobalSection(SolutionConfigurationPlatforms) = preSolution
		Debug|Any CPU = Debug|Any CPU
		Release|Any CPU = Release|Any CPU
	EndGlobalSection
	GlobalSection(ProjectConfigurationPlatforms) = postSolution
		{C3A99E31-B52A-46F7-A60B-0D90CB8DE523}.Debug|Any CPU.ActiveCfg = Debug|Any CPU
		{C3A99E31-B52A-46F7-A60B-0D90CB8DE523}.Debug|Any CPU.Build.0 = Debug|Any CPU
		{C3A99E31-B52A-46F7-A60B-0D90CB8DE523}.Release|Any CPU.ActiveCfg = Release|Any CPU
		{C3A99E31-B52A-46F7-A60B-0D90CB8DE523}.Release|Any CPU.Build.0 = Release|Any CPU
	EndGlobalSection
	GlobalSection(SolutionProperties) = preSolution
		HideSolutionNode = FALSE
	EndGlobalSection
	GlobalSection(ExtensibilityGlobals) = postSolution
		SolutionGuid = {39CDA6DA-B30E-4275-A5E5-286B2C043B0E}
	EndGlobalSection
EndGlobal
